
Microsoft Visual Studio Solution File, Format Version 12.00
# Visual Studio Version 16
VisualStudioVersion = 16.0.31005.135
MinimumVisualStudioVersion = 10.0.40219.1
Project("{9A19103F-16F7-4668-BE54-9A1E7A4F7556}") = "GalacticARM", "GalacticARM\GalacticARM.csproj", "{010FF652-F260-4C89-94D9-DE93F194C598}"
EndProject
Project("{9A19103F-16F7-4668-BE54-9A1E7A4F7556}") = "Testing", "Testing\Testing.csproj", "{ABC70D83-E514-44BE-98E6-3987C4223E15}"
EndProject
Project("{9A19103F-16F7-4668-BE54-9A1E7A4F7556}") = "Keystone.Net", "..\Keystone.Net\Keystone.Net.csproj", "{BD2D8060-31F2-4941-94C7-2C9E2B162897}"
EndProject
Project("{9A19103F-16F7-4668-BE54-9A1E7A4F7556}") = "UnicornNET", "D:\Programming\Projects\Emulator\UnicornNET\UnicornNET.csproj", "{C2DA5629-C079-4852-B8A6-666A6A0EC29C}"
EndProject
Project("{9A19103F-16F7-4668-BE54-9A1E7A4F7556}") = "Gee.External.Capstone", "Capstone.NET-master\Gee.External.Capstone\Gee.External.Capstone.csproj", "{9FE4DC31-F2F6-4518-B0AC-3ACA3DA4D721}"
EndProject
Global
	GlobalSection(SolutionConfigurationPlatforms) = preSolution
		CSV3|Any CPU = CSV3|Any CPU
		CSV3|x64 = CSV3|x64
		CSV3|x86 = CSV3|x86
		CSV4|Any CPU = CSV4|Any CPU
		CSV4|x64 = CSV4|x64
		CSV4|x86 = CSV4|x86
		Debug|Any CPU = Debug|Any CPU
		Debug|x64 = Debug|x64
		Debug|x86 = Debug|x86
		Release|Any CPU = Release|Any CPU
		Release|x64 = Release|x64
		Release|x86 = Release|x86
	EndGlobalSection
	GlobalSection(ProjectConfigurationPlatforms) = postSolution
		{010FF652-F260-4C89-94D9-DE93F194C598}.CSV3|Any CPU.ActiveCfg = Release|Any CPU
		{010FF652-F260-4C89-94D9-DE93F194C598}.CSV3|Any CPU.Build.0 = Release|Any CPU
		{010FF652-F260-4C89-94D9-DE93F194C598}.CSV3|x64.ActiveCfg = Release|Any CPU
		{010FF652-F260-4C89-94D9-DE93F194C598}.CSV3|x64.Build.0 = Release|Any CPU
		{010FF652-F260-4C89-94D9-DE93F194C598}.CSV3|x86.ActiveCfg = Release|Any CPU
		{010FF652-F260-4C89-94D9-DE93F194C598}.CSV3|x86.Build.0 = Release|Any CPU
		{010FF652-F260-4C89-94D9-DE93F194C598}.CSV4|Any CPU.ActiveCfg = Release|Any CPU
		{010FF652-F260-4C89-94D9-DE93F194C598}.CSV4|Any CPU.Build.0 = Release|Any CPU
		{010FF652-F260-4C89-94D9-DE93F194C598}.CSV4|x64.ActiveCfg = Release|Any CPU
		{010FF652-F260-4C89-94D9-DE93F194C598}.CSV4|x64.Build.0 = Release|Any CPU
		{010FF652-F260-4C89-94D9-DE93F194C598}.CSV4|x86.ActiveCfg = Release|Any CPU
		{010FF652-F260-4C89-94D9-DE93F194C598}.CSV4|x86.Build.0 = Release|Any CPU
		{010FF652-F260-4C89-94D9-DE93F194C598}.Debug|Any CPU.ActiveCfg = Debug|Any CPU
		{010FF652-F260-4C89-94D9-DE93F194C598}.Debug|Any CPU.Build.0 = Debug|Any CPU
		{010FF652-F260-4C89-94D9-DE93F194C598}.Debug|x64.ActiveCfg = Debug|Any CPU
		{010FF652-F260-4C89-94D9-DE93F194C598}.Debug|x64.Build.0 = Debug|Any CPU
		{010FF652-F260-4C89-94D9-DE93F194C598}.Debug|x86.ActiveCfg = Debug|Any CPU
		{010FF652-F260-4C89-94D9-DE93F194C598}.Debug|x86.Build.0 = Debug|Any CPU
		{010FF652-F260-4C89-94D9-DE93F194C598}.Release|Any CPU.ActiveCfg = Release|Any CPU
		{010FF652-F260-4C89-94D9-DE93F194C598}.Release|Any CPU.Build.0 = Release|Any CPU
		{010FF652-F260-4C89-94D9-DE93F194C598}.Release|x64.ActiveCfg = Release|Any CPU
		{010FF652-F260-4C89-94D9-DE93F194C598}.Release|x64.Build.0 = Release|Any CPU
		{010FF652-F260-4C89-94D9-DE93F194C598}.Release|x86.ActiveCfg = Release|Any CPU
		{010FF652-F260-4C89-94D9-DE93F194C598}.Release|x86.Build.0 = Release|Any CPU
		{ABC70D83-E514-44BE-98E6-3987C4223E15}.CSV3|Any CPU.ActiveCfg = Release|Any CPU
		{ABC70D83-E514-44BE-98E6-3987C4223E15}.CSV3|Any CPU.Build.0 = Release|Any CPU
		{ABC70D83-E514-44BE-98E6-3987C4223E15}.CSV3|x64.ActiveCfg = Release|Any CPU
		{ABC70D83-E514-44BE-98E6-3987C4223E15}.CSV3|x64.Build.0 = Release|Any CPU
		{ABC70D83-E514-44BE-98E6-3987C4223E15}.CSV3|x86.ActiveCfg = Release|Any CPU
		{ABC70D83-E514-44BE-98E6-3987C4223E15}.CSV3|x86.Build.0 = Release|Any CPU
		{ABC70D83-E514-44BE-98E6-3987C4223E15}.CSV4|Any CPU.ActiveCfg = Release|Any CPU
		{ABC70D83-E514-44BE-98E6-3987C4223E15}.CSV4|Any CPU.Build.0 = Release|Any CPU
		{ABC70D83-E514-44BE-98E6-3987C4223E15}.CSV4|x64.ActiveCfg = Release|Any CPU
		{ABC70D83-E514-44BE-98E6-3987C4223E15}.CSV4|x64.Build.0 = Release|Any CPU
		{ABC70D83-E514-44BE-98E6-3987C4223E15}.CSV4|x86.ActiveCfg = Release|Any CPU
		{ABC70D83-E514-44BE-98E6-3987C4223E15}.CSV4|x86.Build.0 = Release|Any CPU
		{ABC70D83-E514-44BE-98E6-3987C4223E15}.Debug|Any CPU.ActiveCfg = Debug|Any CPU
		{ABC70D83-E514-44BE-98E6-3987C4223E15}.Debug|Any CPU.Build.0 = Debug|Any CPU
		{ABC70D83-E514-44BE-98E6-3987C4223E15}.Debug|x64.ActiveCfg = Debug|Any CPU
		{ABC70D83-E514-44BE-98E6-3987C4223E15}.Debug|x64.Build.0 = Debug|Any CPU
		{ABC70D83-E514-44BE-98E6-3987C4223E15}.Debug|x86.ActiveCfg = Debug|Any CPU
		{ABC70D83-E514-44BE-98E6-3987C4223E15}.Debug|x86.Build.0 = Debug|Any CPU
		{ABC70D83-E514-44BE-98E6-3987C4223E15}.Release|Any CPU.ActiveCfg = Release|Any CPU
		{ABC70D83-E514-44BE-98E6-3987C4223E15}.Release|Any CPU.Build.0 = Release|Any CPU
		{ABC70D83-E514-44BE-98E6-3987C4223E15}.Release|x64.ActiveCfg = Release|Any CPU
		{ABC70D83-E514-44BE-98E6-3987C4223E15}.Release|x64.Build.0 = Release|Any CPU
		{ABC70D83-E514-44BE-98E6-3987C4223E15}.Release|x86.ActiveCfg = Release|Any CPU
		{ABC70D83-E514-44BE-98E6-3987C4223E15}.Release|x86.Build.0 = Release|Any CPU
		{BD2D8060-31F2-4941-94C7-2C9E2B162897}.CSV3|Any CPU.ActiveCfg = Release|Any CPU
		{BD2D8060-31F2-4941-94C7-2C9E2B162897}.CSV3|Any CPU.Build.0 = Release|Any CPU
		{BD2D8060-31F2-4941-94C7-2C9E2B162897}.CSV3|x64.ActiveCfg = Release|Any CPU
		{BD2D8060-31F2-4941-94C7-2C9E2B162897}.CSV3|x64.Build.0 = Release|Any CPU
		{BD2D8060-31F2-4941-94C7-2C9E2B162897}.CSV3|x86.ActiveCfg = Release|Any CPU
		{BD2D8060-31F2-4941-94C7-2C9E2B162897}.CSV3|x86.Build.0 = Release|Any CPU
		{BD2D8060-31F2-4941-94C7-2C9E2B162897}.CSV4|Any CPU.ActiveCfg = Release|Any CPU
		{BD2D8060-31F2-4941-94C7-2C9E2B162897}.CSV4|Any CPU.Build.0 = Release|Any CPU
		{BD2D8060-31F2-4941-94C7-2C9E2B162897}.CSV4|x64.ActiveCfg = Release|Any CPU
		{BD2D8060-31F2-4941-94C7-2C9E2B162897}.CSV4|x64.Build.0 = Release|Any CPU
		{BD2D8060-31F2-4941-94C7-2C9E2B162897}.CSV4|x86.ActiveCfg = Release|Any CPU
		{BD2D8060-31F2-4941-94C7-2C9E2B162897}.CSV4|x86.Build.0 = Release|Any CPU
		{BD2D8060-31F2-4941-94C7-2C9E2B162897}.Debug|Any CPU.ActiveCfg = Debug|Any CPU
		{BD2D8060-31F2-4941-94C7-2C9E2B162897}.Debug|Any CPU.Build.0 = Debug|Any CPU
		{BD2D8060-31F2-4941-94C7-2C9E2B162897}.Debug|x64.ActiveCfg = Debug|Any CPU
		{BD2D8060-31F2-4941-94C7-2C9E2B162897}.Debug|x64.Build.0 = Debug|Any CPU
		{BD2D8060-31F2-4941-94C7-2C9E2B162897}.Debug|x86.ActiveCfg = Debug|Any CPU
		{BD2D8060-31F2-4941-94C7-2C9E2B162897}.Debug|x86.Build.0 = Debug|Any CPU
		{BD2D8060-31F2-4941-94C7-2C9E2B162897}.Release|Any CPU.ActiveCfg = Release|Any CPU
		{BD2D8060-31F2-4941-94C7-2C9E2B162897}.Release|Any CPU.Build.0 = Release|Any CPU
		{BD2D8060-31F2-4941-94C7-2C9E2B162897}.Release|x64.ActiveCfg = Release|Any CPU
		{BD2D8060-31F2-4941-94C7-2C9E2B162897}.Release|x64.Build.0 = Release|Any CPU
		{BD2D8060-31F2-4941-94C7-2C9E2B162897}.Release|x86.ActiveCfg = Release|Any CPU
		{BD2D8060-31F2-4941-94C7-2C9E2B162897}.Release|x86.Build.0 = Release|Any CPU
		{C2DA5629-C079-4852-B8A6-666A6A0EC29C}.CSV3|Any CPU.ActiveCfg = Release|Any CPU
		{C2DA5629-C079-4852-B8A6-666A6A0EC29C}.CSV3|Any CPU.Build.0 = Release|Any CPU
		{C2DA5629-C079-4852-B8A6-666A6A0EC29C}.CSV3|x64.ActiveCfg = Release|Any CPU
		{C2DA5629-C079-4852-B8A6-666A6A0EC29C}.CSV3|x64.Build.0 = Release|Any CPU
		{C2DA5629-C079-4852-B8A6-666A6A0EC29C}.CSV3|x86.ActiveCfg = Release|Any CPU
		{C2DA5629-C079-4852-B8A6-666A6A0EC29C}.CSV3|x86.Build.0 = Release|Any CPU
		{C2DA5629-C079-4852-B8A6-666A6A0EC29C}.CSV4|Any CPU.ActiveCfg = Release|Any CPU
		{C2DA5629-C079-4852-B8A6-666A6A0EC29C}.CSV4|Any CPU.Build.0 = Release|Any CPU
		{C2DA5629-C079-4852-B8A6-666A6A0EC29C}.CSV4|x64.ActiveCfg = Release|Any CPU
		{C2DA5629-C079-4852-B8A6-666A6A0EC29C}.CSV4|x64.Build.0 = Release|Any CPU
		{C2DA5629-C079-4852-B8A6-666A6A0EC29C}.CSV4|x86.ActiveCfg = Release|Any CPU
		{C2DA5629-C079-4852-B8A6-666A6A0EC29C}.CSV4|x86.Build.0 = Release|Any CPU
		{C2DA5629-C079-4852-B8A6-666A6A0EC29C}.Debug|Any CPU.ActiveCfg = Debug|Any CPU
		{C2DA5629-C079-4852-B8A6-666A6A0EC29C}.Debug|Any CPU.Build.0 = Debug|Any CPU
		{C2DA5629-C079-4852-B8A6-666A6A0EC29C}.Debug|x64.ActiveCfg = Debug|Any CPU
		{C2DA5629-C079-4852-B8A6-666A6A0EC29C}.Debug|x64.Build.0 = Debug|Any CPU
		{C2DA5629-C079-4852-B8A6-666A6A0EC29C}.Debug|x86.ActiveCfg = Debug|Any CPU
		{C2DA5629-C079-4852-B8A6-666A6A0EC29C}.Debug|x86.Build.0 = Debug|Any CPU
		{C2DA5629-C079-4852-B8A6-666A6A0EC29C}.Release|Any CPU.ActiveCfg = Release|Any CPU
		{C2DA5629-C079-4852-B8A6-666A6A0EC29C}.Release|Any CPU.Build.0 = Release|Any CPU
		{C2DA5629-C079-4852-B8A6-666A6A0EC29C}.Release|x64.ActiveCfg = Release|Any CPU
		{C2DA5629-C079-4852-B8A6-666A6A0EC29C}.Release|x64.Build.0 = Release|Any CPU
		{C2DA5629-C079-4852-B8A6-666A6A0EC29C}.Release|x86.ActiveCfg = Release|Any CPU
		{C2DA5629-C079-4852-B8A6-666A6A0EC29C}.Release|x86.Build.0 = Release|Any CPU
		{9FE4DC31-F2F6-4518-B0AC-3ACA3DA4D721}.CSV3|Any CPU.ActiveCfg = Debug|Any CPU
		{9FE4DC31-F2F6-4518-B0AC-3ACA3DA4D721}.CSV3|Any CPU.Build.0 = Debug|Any CPU
		{9FE4DC31-F2F6-4518-B0AC-3ACA3DA4D721}.CSV3|x64.ActiveCfg = Debug|x64
		{9FE4DC31-F2F6-4518-B0AC-3ACA3DA4D721}.CSV3|x64.Build.0 = Debug|x64
		{9FE4DC31-F2F6-4518-B0AC-3ACA3DA4D721}.CSV3|x86.ActiveCfg = Debug|x86
		{9FE4DC31-F2F6-4518-B0AC-3ACA3DA4D721}.CSV3|x86.Build.0 = Debug|x86
		{9FE4DC31-F2F6-4518-B0AC-3ACA3DA4D721}.CSV4|Any CPU.ActiveCfg = Debug|Any CPU
		{9FE4DC31-F2F6-4518-B0AC-3ACA3DA4D721}.CSV4|Any CPU.Build.0 = Debug|Any CPU
		{9FE4DC31-F2F6-4518-B0AC-3ACA3DA4D721}.CSV4|x64.ActiveCfg = Debug|x64
		{9FE4DC31-F2F6-4518-B0AC-3ACA3DA4D721}.CSV4|x64.Build.0 = Debug|x64
		{9FE4DC31-F2F6-4518-B0AC-3ACA3DA4D721}.CSV4|x86.ActiveCfg = Debug|x86
		{9FE4DC31-F2F6-4518-B0AC-3ACA3DA4D721}.CSV4|x86.Build.0 = Debug|x86
		{9FE4DC31-F2F6-4518-B0AC-3ACA3DA4D721}.Debug|Any CPU.ActiveCfg = Debug|Any CPU
		{9FE4DC31-F2F6-4518-B0AC-3ACA3DA4D721}.Debug|Any CPU.Build.0 = Debug|Any CPU
		{9FE4DC31-F2F6-4518-B0AC-3ACA3DA4D721}.Debug|x64.ActiveCfg = Debug|x64
		{9FE4DC31-F2F6-4518-B0AC-3ACA3DA4D721}.Debug|x64.Build.0 = Debug|x64
		{9FE4DC31-F2F6-4518-B0AC-3ACA3DA4D721}.Debug|x86.ActiveCfg = Debug|x86
		{9FE4DC31-F2F6-4518-B0AC-3ACA3DA4D721}.Debug|x86.Build.0 = Debug|x86
		{9FE4DC31-F2F6-4518-B0AC-3ACA3DA4D721}.Release|Any CPU.ActiveCfg = Release|Any CPU
		{9FE4DC31-F2F6-4518-B0AC-3ACA3DA4D721}.Release|Any CPU.Build.0 = Release|Any CPU
		{9FE4DC31-F2F6-4518-B0AC-3ACA3DA4D721}.Release|x64.ActiveCfg = Release|x64
		{9FE4DC31-F2F6-4518-B0AC-3ACA3DA4D721}.Release|x64.Build.0 = Release|x64
		{9FE4DC31-F2F6-4518-B0AC-3ACA3DA4D721}.Release|x86.ActiveCfg = Release|x86
		{9FE4DC31-F2F6-4518-B0AC-3ACA3DA4D721}.Release|x86.Build.0 = Release|x86
	EndGlobalSection
	GlobalSection(SolutionProperties) = preSolution
		HideSolutionNode = FALSE
	EndGlobalSection
	GlobalSection(ExtensibilityGlobals) = postSolution
		SolutionGuid = {4E013393-41B1-4059-8A49-75DEFD1D9B6E}
	EndGlobalSection
EndGlobal
