
Microsoft Visual Studio Solution File, Format Version 12.00
# Visual Studio Version 16
VisualStudioVersion = 16.0.31005.135
MinimumVisualStudioVersion = 10.0.40219.1
Project("{9A19103F-16F7-4668-BE54-9A1E7A4F7556}") = "GalacticARM", "GalacticARM\GalacticARM.csproj", "{010FF652-F260-4C89-94D9-DE93F194C598}"
EndProject
Project("{9A19103F-16F7-4668-BE54-9A1E7A4F7556}") = "Testing", "Testing\Testing.csproj", "{ABC70D83-E514-44BE-98E6-3987C4223E15}"
EndProject
Project("{9A19103F-16F7-4668-BE54-9A1E7A4F7556}") = "Keystone.Net", "..\Keystone.Net\Keystone.Net.csproj", "{BD2D8060-31F2-4941-94C7-2C9E2B162897}"
EndProject
Project("{9A19103F-16F7-4668-BE54-9A1E7A4F7556}") = "UnicornNET", "D:\Programming\Projects\Emulator\UnicornNET\UnicornNET.csproj", "{C2DA5629-C079-4852-B8A6-666A6A0EC29C}"
EndProject
Global
	GlobalSection(SolutionConfigurationPlatforms) = preSolution
		Debug|Any CPU = Debug|Any CPU
		Release|Any CPU = Release|Any CPU
	EndGlobalSection
	GlobalSection(ProjectConfigurationPlatforms) = postSolution
		{010FF652-F260-4C89-94D9-DE93F194C598}.Debug|Any CPU.ActiveCfg = Debug|Any CPU
		{010FF652-F260-4C89-94D9-DE93F194C598}.Debug|Any CPU.Build.0 = Debug|Any CPU
		{010FF652-F260-4C89-94D9-DE93F194C598}.Release|Any CPU.ActiveCfg = Release|Any CPU
		{010FF652-F260-4C89-94D9-DE93F194C598}.Release|Any CPU.Build.0 = Release|Any CPU
		{ABC70D83-E514-44BE-98E6-3987C4223E15}.Debug|Any CPU.ActiveCfg = Debug|Any CPU
		{ABC70D83-E514-44BE-98E6-3987C4223E15}.Debug|Any CPU.Build.0 = Debug|Any CPU
		{ABC70D83-E514-44BE-98E6-3987C4223E15}.Release|Any CPU.ActiveCfg = Release|Any CPU
		{ABC70D83-E514-44BE-98E6-3987C4223E15}.Release|Any CPU.Build.0 = Release|Any CPU
		{BD2D8060-31F2-4941-94C7-2C9E2B162897}.Debug|Any CPU.ActiveCfg = Debug|Any CPU
		{BD2D8060-31F2-4941-94C7-2C9E2B162897}.Debug|Any CPU.Build.0 = Debug|Any CPU
		{BD2D8060-31F2-4941-94C7-2C9E2B162897}.Release|Any CPU.ActiveCfg = Release|Any CPU
		{BD2D8060-31F2-4941-94C7-2C9E2B162897}.Release|Any CPU.Build.0 = Release|Any CPU
		{C2DA5629-C079-4852-B8A6-666A6A0EC29C}.Debug|Any CPU.ActiveCfg = Debug|Any CPU
		{C2DA5629-C079-4852-B8A6-666A6A0EC29C}.Debug|Any CPU.Build.0 = Debug|Any CPU
		{C2DA5629-C079-4852-B8A6-666A6A0EC29C}.Release|Any CPU.ActiveCfg = Release|Any CPU
		{C2DA5629-C079-4852-B8A6-666A6A0EC29C}.Release|Any CPU.Build.0 = Release|Any CPU
	EndGlobalSection
	GlobalSection(SolutionProperties) = preSolution
		HideSolutionNode = FALSE
	EndGlobalSection
	GlobalSection(ExtensibilityGlobals) = postSolution
		SolutionGuid = {4E013393-41B1-4059-8A49-75DEFD1D9B6E}
	EndGlobalSection
EndGlobal
